
Microsoft Visual Studio Solution File, Format Version 12.00
# Visual Studio Version 17
VisualStudioVersion = 17.4.33213.308
MinimumVisualStudioVersion = 10.0.40219.1
Project("{FAE04EC0-301F-11D3-BF4B-00C04F79EFBC}") = "MadLibs", "MadLibs\MadLibs.csproj", "{FDB5FFDC-16A1-4B9E-B272-28FB7BE5130C}"
EndProject
Global
	GlobalSection(SolutionConfigurationPlatforms) = preSolution
		Debug|Any CPU = Debug|Any CPU
		Release|Any CPU = Release|Any CPU
	EndGlobalSection
	GlobalSection(ProjectConfigurationPlatforms) = postSolution
		{FDB5FFDC-16A1-4B9E-B272-28FB7BE5130C}.Debug|Any CPU.ActiveCfg = Debug|Any CPU
		{FDB5FFDC-16A1-4B9E-B272-28FB7BE5130C}.Debug|Any CPU.Build.0 = Debug|Any CPU
		{FDB5FFDC-16A1-4B9E-B272-28FB7BE5130C}.Release|Any CPU.ActiveCfg = Release|Any CPU
		{FDB5FFDC-16A1-4B9E-B272-28FB7BE5130C}.Release|Any CPU.Build.0 = Release|Any CPU
	EndGlobalSection
	GlobalSection(SolutionProperties) = preSolution
		HideSolutionNode = FALSE
	EndGlobalSection
	GlobalSection(ExtensibilityGlobals) = postSolution
		SolutionGuid = {D9FF6039-B5E0-4FFA-899F-F9082B497D09}
	EndGlobalSection
EndGlobal
